<?xml version="1.0" encoding="utf-8"?>
<Project ToolsVersion="17.0" xmlns="http://schemas.microsoft.com/developer/msbuild/2003">
  <ItemGroup>
    <CustomBuild Include="C:\Users\etreh\Documents\Programming\Otus\C++_Developer_2023_06\Basic\lesson_2\home_work_2\otus_cpp_basic_hw2\source\CMakeLists.txt" />
  </ItemGroup>
  <ItemGroup>
  </ItemGroup>
</Project>
